
Microsoft Visual Studio Solution File, Format Version 12.00
# Visual Studio 15
VisualStudioVersion = 15.0.28010.2048
MinimumVisualStudioVersion = 10.0.40219.1
Project("{FAE04EC0-301F-11D3-BF4B-00C04F79EFBC}") = "ResidualCenter", "ResidualCenter\ResidualCenter.csproj", "{88447324-BB6D-4CE2-BA36-31796C306327}"
EndProject
Global
	GlobalSection(SolutionConfigurationPlatforms) = preSolution
		Debug|Any CPU = Debug|Any CPU
		Release|Any CPU = Release|Any CPU
	EndGlobalSection
	GlobalSection(ProjectConfigurationPlatforms) = postSolution
		{88447324-BB6D-4CE2-BA36-31796C306327}.Debug|Any CPU.ActiveCfg = Debug|Any CPU
		{88447324-BB6D-4CE2-BA36-31796C306327}.Debug|Any CPU.Build.0 = Debug|Any CPU
		{88447324-BB6D-4CE2-BA36-31796C306327}.Release|Any CPU.ActiveCfg = Release|Any CPU
		{88447324-BB6D-4CE2-BA36-31796C306327}.Release|Any CPU.Build.0 = Release|Any CPU
	EndGlobalSection
	GlobalSection(SolutionProperties) = preSolution
		HideSolutionNode = FALSE
	EndGlobalSection
	GlobalSection(ExtensibilityGlobals) = postSolution
		SolutionGuid = {9479098B-F875-421D-BEC8-89D935772A5C}
	EndGlobalSection
EndGlobal
